// !$*UTF8*$!
{
	archiveVersion = 1;
	classes = {
	};
	objectVersion = 77;
	objects = {

/* Begin PBXBuildFile section */
		6D4984AD2FADC1E70049ED78 /* SwiftTheme in Frameworks */ = {isa = PBXBuildFile; productRef = 6D4984AC2FADC1E70049ED78 /* SwiftTheme */; };
		6D7F81852FAC0AE700540877 /* SDWebImage in Frameworks */ = {isa = PBXBuildFile; productRef = 6D7F81842FAC0AE700540877 /* SDWebImage */; };
		6D7F81872FAC0AE700540877 /* SDWebImageMapKit in Frameworks */ = {isa = PBXBuildFile; productRef = 6D7F81862FAC0AE700540877 /* SDWebImageMapKit */; };
		6D7F818A2FAC0B0300540877 /* Lottie in Frameworks */ = {isa = PBXBuildFile; productRef = 6D7F81892FAC0B0300540877 /* Lottie */; };
		6D7F818D2FAC0B8000540877 /* Alamofire in Frameworks */ = {isa = PBXBuildFile; productRef = 6D7F818C2FAC0B8000540877 /* Alamofire */; };
		6D7F81922FAC0BB200540877 /* Shimmer in Frameworks */ = {isa = PBXBuildFile; productRef = 6D7F81912FAC0BB200540877 /* Shimmer */; };
		6DBC6FD72FADCC1000E14DCD /* SkeletonView in Frameworks */ = {isa = PBXBuildFile; productRef = 6DBC6FD62FADCC1000E14DCD /* SkeletonView */; };
/* End PBXBuildFile section */

/* Begin PBXContainerItemProxy section */
		6D6AF6902FAE380A005DE59B /* PBXContainerItemProxy */ = {
			isa = PBXContainerItemProxy;
			containerPortal = 6D9C5B522FA026CA00ECB3D6 /* Project object */;
			proxyType = 1;
			remoteGlobalIDString = 6D9C5B592FA026CA00ECB3D6;
			remoteInfo = Leegoo;
		};
/* End PBXContainerItemProxy section */

/* Begin PBXFileReference section */
		6D6AF68C2FAE380A005DE59B /* LeegooTests.xctest */ = {isa = PBXFileReference; explicitFileType = wrapper.cfbundle; includeInIndex = 0; path = LeegooTests.xctest; sourceTree = BUILT_PRODUCTS_DIR; };
		6D9C5B5A2FA026CA00ECB3D6 /* Leegoo.app */ = {isa = PBXFileReference; explicitFileType = wrapper.application; includeInIndex = 0; path = Leegoo.app; sourceTree = BUILT_PRODUCTS_DIR; };
/* End PBXFileReference section */

/* Begin PBXFileSystemSynchronizedBuildFileExceptionSet section */
		6D9C5B6C2FA026CF00ECB3D6 /* Exceptions for "Leegoo" folder in "Leegoo" target */ = {
			isa = PBXFileSystemSynchronizedBuildFileExceptionSet;
			membershipExceptions = (
				Info.plist,
			);
			target = 6D9C5B592FA026CA00ECB3D6 /* Leegoo */;
		};
/* End PBXFileSystemSynchronizedBuildFileExceptionSet section */

/* Begin PBXFileSystemSynchronizedRootGroup section */
		6D6AF68D2FAE380A005DE59B /* LeegooTests */ = {
			isa = PBXFileSystemSynchronizedRootGroup;
			path = LeegooTests;
			sourceTree = "<group>";
		};
		6D9C5B5C2FA026CA00ECB3D6 /* Leegoo */ = {
			isa = PBXFileSystemSynchronizedRootGroup;
			exceptions = (
				6D9C5B6C2FA026CF00ECB3D6 /* Exceptions for "Leegoo" folder in "Leegoo" target */,
			);
			path = Leegoo;
			sourceTree = "<group>";
		};
/* End PBXFileSystemSynchronizedRootGroup section */

/* Begin PBXFrameworksBuildPhase section */
		6D6AF6892FAE380A005DE59B /* Frameworks */ = {
			isa = PBXFrameworksBuildPhase;
			buildActionMask = 2147483647;
			files = (
			);
			runOnlyForDeploymentPostprocessing = 0;
		};
		6D9C5B572FA026CA00ECB3D6 /* Frameworks */ = {
			isa = PBXFrameworksBuildPhase;
			buildActionMask = 2147483647;
			files = (
				6D7F81922FAC0BB200540877 /* Shimmer in Frameworks */,
				6DBC6FD72FADCC1000E14DCD /* SkeletonView in Frameworks */,
				6D7F81872FAC0AE700540877 /* SDWebImageMapKit in Frameworks */,
				6D4984AD2FADC1E70049ED78 /* SwiftTheme in Frameworks */,
				6D7F818D2FAC0B8000540877 /* Alamofire in Frameworks */,
				6D7F81852FAC0AE700540877 /* SDWebImage in Frameworks */,
				6D7F818A2FAC0B0300540877 /* Lottie in Frameworks */,
			);
			runOnlyForDeploymentPostprocessing = 0;
		};
/* End PBXFrameworksBuildPhase section */

/* Begin PBXGroup section */
		6D9C5B512FA026CA00ECB3D6 = {
			isa = PBXGroup;
			children = (
				6D9C5B5C2FA026CA00ECB3D6 /* Leegoo */,
				6D6AF68D2FAE380A005DE59B /* LeegooTests */,
				6D9C5B5B2FA026CA00ECB3D6 /* Products */,
			);
			sourceTree = "<group>";
		};
		6D9C5B5B2FA026CA00ECB3D6 /* Products */ = {
			isa = PBXGroup;
			children = (
				6D9C5B5A2FA026CA00ECB3D6 /* Leegoo.app */,
				6D6AF68C2FAE380A005DE59B /* LeegooTests.xctest */,
			);
			name = Products;
			sourceTree = "<group>";
		};
/* End PBXGroup section */

/* Begin PBXNativeTarget section */
		6D6AF68B2FAE380A005DE59B /* LeegooTests */ = {
			isa = PBXNativeTarget;
			buildConfigurationList = 6D6AF6922FAE380A005DE59B /* Build configuration list for PBXNativeTarget "LeegooTests" */;
			buildPhases = (
				6D6AF6882FAE380A005DE59B /* Sources */,
				6D6AF6892FAE380A005DE59B /* Frameworks */,
				6D6AF68A2FAE380A005DE59B /* Resources */,
			);
			buildRules = (
			);
			dependencies = (
				6D6AF6912FAE380A005DE59B /* PBXTargetDependency */,
			);
			fileSystemSynchronizedGroups = (
				6D6AF68D2FAE380A005DE59B /* LeegooTests */,
			);
			name = LeegooTests;
			packageProductDependencies = (
			);
			productName = LeegooTests;
			productReference = 6D6AF68C2FAE380A005DE59B /* LeegooTests.xctest */;
			productType = "com.apple.product-type.bundle.unit-test";
		};
		6D9C5B592FA026CA00ECB3D6 /* Leegoo */ = {
			isa = PBXNativeTarget;
			buildConfigurationList = 6D9C5B6D2FA026CF00ECB3D6 /* Build configuration list for PBXNativeTarget "Leegoo" */;
			buildPhases = (
				6D9C5B562FA026CA00ECB3D6 /* Sources */,
				6D9C5B572FA026CA00ECB3D6 /* Frameworks */,
				6D9C5B582FA026CA00ECB3D6 /* Resources */,
			);
			buildRules = (
			);
			dependencies = (
			);
			fileSystemSynchronizedGroups = (
				6D9C5B5C2FA026CA00ECB3D6 /* Leegoo */,
			);
			name = Leegoo;
			packageProductDependencies = (
				6D7F81842FAC0AE700540877 /* SDWebImage */,
				6D7F81862FAC0AE700540877 /* SDWebImageMapKit */,
				6D7F81892FAC0B0300540877 /* Lottie */,
				6D7F818C2FAC0B8000540877 /* Alamofire */,
				6D7F81912FAC0BB200540877 /* Shimmer */,
				6D4984AC2FADC1E70049ED78 /* SwiftTheme */,
				6DBC6FD62FADCC1000E14DCD /* SkeletonView */,
			);
			productName = Leegoo;
			productReference = 6D9C5B5A2FA026CA00ECB3D6 /* Leegoo.app */;
			productType = "com.apple.product-type.application";
		};
/* End PBXNativeTarget section */

/* Begin PBXProject section */
		6D9C5B522FA026CA00ECB3D6 /* Project object */ = {
			isa = PBXProject;
			attributes = {
				BuildIndependentTargetsInParallel = 1;
				LastSwiftUpdateCheck = 1640;
				LastUpgradeCheck = 1640;
				TargetAttributes = {
					6D6AF68B2FAE380A005DE59B = {
						CreatedOnToolsVersion = 16.4;
						TestTargetID = 6D9C5B592FA026CA00ECB3D6;
					};
					6D9C5B592FA026CA00ECB3D6 = {
						CreatedOnToolsVersion = 16.4;
					};
				};
			};
			buildConfigurationList = 6D9C5B552FA026CA00ECB3D6 /* Build configuration list for PBXProject "Leegoo" */;
			developmentRegion = en;
			hasScannedForEncodings = 0;
			knownRegions = (
				en,
				Base,
				ar,
			);
			mainGroup = 6D9C5B512FA026CA00ECB3D6;
			minimizedProjectReferenceProxies = 1;
			packageReferences = (
				6D7F81832FAC0AE700540877 /* XCRemoteSwiftPackageReference "SDWebImage" */,
				6D7F81882FAC0B0300540877 /* XCRemoteSwiftPackageReference "lottie-spm" */,
				6D7F818B2FAC0B8000540877 /* XCRemoteSwiftPackageReference "alamofire" */,
				6D7F81902FAC0BB200540877 /* XCRemoteSwiftPackageReference "swiftui-Shimmer" */,
				6D4984AB2FADC1E70049ED78 /* XCRemoteSwiftPackageReference "SwiftTheme" */,
				6DBC6FD52FADCC1000E14DCD /* XCRemoteSwiftPackageReference "SkeletonView" */,
			);
			preferredProjectObjectVersion = 77;
			productRefGroup = 6D9C5B5B2FA026CA00ECB3D6 /* Products */;
			projectDirPath = "";
			projectRoot = "";
			targets = (
				6D9C5B592FA026CA00ECB3D6 /* Leegoo */,
				6D6AF68B2FAE380A005DE59B /* LeegooTests */,
			);
		};
/* End PBXProject section */

/* Begin PBXResourcesBuildPhase section */
		6D6AF68A2FAE380A005DE59B /* Resources */ = {
			isa = PBXResourcesBuildPhase;
			buildActionMask = 2147483647;
			files = (
			);
			runOnlyForDeploymentPostprocessing = 0;
		};
		6D9C5B582FA026CA00ECB3D6 /* Resources */ = {
			isa = PBXResourcesBuildPhase;
			buildActionMask = 2147483647;
			files = (
			);
			runOnlyForDeploymentPostprocessing = 0;
		};
/* End PBXResourcesBuildPhase section */

/* Begin PBXSourcesBuildPhase section */
		6D6AF6882FAE380A005DE59B /* Sources */ = {
			isa = PBXSourcesBuildPhase;
			buildActionMask = 2147483647;
			files = (
			);
			runOnlyForDeploymentPostprocessing = 0;
		};
		6D9C5B562FA026CA00ECB3D6 /* Sources */ = {
			isa = PBXSourcesBuildPhase;
			buildActionMask = 2147483647;
			files = (
			);
			runOnlyForDeploymentPostprocessing = 0;
		};
/* End PBXSourcesBuildPhase section */

/* Begin PBXTargetDependency section */
		6D6AF6912FAE380A005DE59B /* PBXTargetDependency */ = {
			isa = PBXTargetDependency;
			target = 6D9C5B592FA026CA00ECB3D6 /* Leegoo */;
			targetProxy = 6D6AF6902FAE380A005DE59B /* PBXContainerItemProxy */;
		};
/* End PBXTargetDependency section */

/* Begin XCBuildConfiguration section */
		6D6AF6932FAE380A005DE59B /* Debug */ = {
			isa = XCBuildConfiguration;
			buildSettings = {
				BUNDLE_LOADER = "$(TEST_HOST)";
				CODE_SIGN_STYLE = Automatic;
				CURRENT_PROJECT_VERSION = 1;
				GENERATE_INFOPLIST_FILE = YES;
				MARKETING_VERSION = 1.0;
				PRODUCT_BUNDLE_IDENTIFIER = ITI.LeegooTests;
				PRODUCT_NAME = "$(TARGET_NAME)";
				SWIFT_EMIT_LOC_STRINGS = NO;
				SWIFT_VERSION = 5.0;
				TARGETED_DEVICE_FAMILY = "1,2";
				TEST_HOST = "$(BUILT_PRODUCTS_DIR)/Leegoo.app/$(BUNDLE_EXECUTABLE_FOLDER_PATH)/Leegoo";
			};
			name = Debug;
		};
		6D6AF6942FAE380A005DE59B /* Release */ = {
			isa = XCBuildConfiguration;
			buildSettings = {
				BUNDLE_LOADER = "$(TEST_HOST)";
				CODE_SIGN_STYLE = Automatic;
				CURRENT_PROJECT_VERSION = 1;
				GENERATE_INFOPLIST_FILE = YES;
				MARKETING_VERSION = 1.0;
				PRODUCT_BUNDLE_IDENTIFIER = ITI.LeegooTests;
				PRODUCT_NAME = "$(TARGET_NAME)";
				SWIFT_EMIT_LOC_STRINGS = NO;
				SWIFT_VERSION = 5.0;
				TARGETED_DEVICE_FAMILY = "1,2";
				TEST_HOST = "$(BUILT_PRODUCTS_DIR)/Leegoo.app/$(BUNDLE_EXECUTABLE_FOLDER_PATH)/Leegoo";
			};
			name = Release;
		};
		6D9C5B6E2FA026CF00ECB3D6 /* Debug */ = {
			isa = XCBuildConfiguration;
			buildSettings = {
				ASSETCATALOG_COMPILER_APPICON_NAME = AppIcon;
				ASSETCATALOG_COMPILER_GLOBAL_ACCENT_COLOR_NAME = AccentColor;
				CODE_SIGN_STYLE = Automatic;
				CURRENT_PROJECT_VERSION = 1;
				GENERATE_INFOPLIST_FILE = YES;
				INFOPLIST_FILE = Leegoo/Info.plist;
				INFOPLIST_KEY_UIApplicationSupportsIndirectInputEvents = YES;
				INFOPLIST_KEY_UILaunchStoryboardName = LaunchScreen;
				INFOPLIST_KEY_UIMainStoryboardFile = Main;
				INFOPLIST_KEY_UISupportedInterfaceOrientations_iPad = "UIInterfaceOrientationPortrait UIInterfaceOrientationPortraitUpsideDown UIInterfaceOrientationLandscapeLeft UIInterfaceOrientationLandscapeRight";
				INFOPLIST_KEY_UISupportedInterfaceOrientations_iPhone = "UIInterfaceOrientationPortrait UIInterfaceOrientationLandscapeLeft UIInterfaceOrientationLandscapeRight";
				LD_RUNPATH_SEARCH_PATHS = (
					"$(inherited)",
					"@executable_path/Frameworks",
				);
				MARKETING_VERSION = 1.0;
				PRODUCT_BUNDLE_IDENTIFIER = ITI.Leegoo;
				PRODUCT_NAME = "$(TARGET_NAME)";
				SWIFT_EMIT_LOC_STRINGS = YES;
				SWIFT_VERSION = 5.0;
				TARGETED_DEVICE_FAMILY = "1,2";
			};
			name = Debug;
		};
		6D9C5B6F2FA026CF00ECB3D6 /* Release */ = {
			isa = XCBuildConfiguration;
			buildSettings = {
				ASSETCATALOG_COMPILER_APPICON_NAME = AppIcon;
				ASSETCATALOG_COMPILER_GLOBAL_ACCENT_COLOR_NAME = AccentColor;
				CODE_SIGN_STYLE = Automatic;
				CURRENT_PROJECT_VERSION = 1;
				GENERATE_INFOPLIST_FILE = YES;
				INFOPLIST_FILE = Leegoo/Info.plist;
				INFOPLIST_KEY_UIApplicationSupportsIndirectInputEvents = YES;
				INFOPLIST_KEY_UILaunchStoryboardName = LaunchScreen;
				INFOPLIST_KEY_UIMainStoryboardFile = Main;
				INFOPLIST_KEY_UISupportedInterfaceOrientations_iPad = "UIInterfaceOrientationPortrait UIInterfaceOrientationPortraitUpsideDown UIInterfaceOrientationLandscapeLeft UIInterfaceOrientationLandscapeRight";
				INFOPLIST_KEY_UISupportedInterfaceOrientations_iPhone = "UIInterfaceOrientationPortrait UIInterfaceOrientationLandscapeLeft UIInterfaceOrientationLandscapeRight";
				LD_RUNPATH_SEARCH_PATHS = (
					"$(inherited)",
					"@executable_path/Frameworks",
				);
				MARKETING_VERSION = 1.0;
				PRODUCT_BUNDLE_IDENTIFIER = ITI.Leegoo;
				PRODUCT_NAME = "$(TARGET_NAME)";
				SWIFT_EMIT_LOC_STRINGS = YES;
				SWIFT_VERSION = 5.0;
				TARGETED_DEVICE_FAMILY = "1,2";
			};
			name = Release;
		};
		6D9C5B702FA026CF00ECB3D6 /* Debug */ = {
			isa = XCBuildConfiguration;
			buildSettings = {
				ALWAYS_SEARCH_USER_PATHS = NO;
				ASSETCATALOG_COMPILER_GENERATE_SWIFT_ASSET_SYMBOL_EXTENSIONS = YES;
				CLANG_ANALYZER_LOCALIZABILITY_NONLOCALIZED = YES;
				CLANG_ANALYZER_NONNULL = YES;
				CLANG_ANALYZER_NUMBER_OBJECT_CONVERSION = YES_AGGRESSIVE;
				CLANG_CXX_LANGUAGE_STANDARD = "gnu++20";
				CLANG_ENABLE_MODULES = YES;
				CLANG_ENABLE_OBJC_ARC = YES;
				CLANG_ENABLE_OBJC_WEAK = YES;
				CLANG_WARN_BLOCK_CAPTURE_AUTORELEASING = YES;
				CLANG_WARN_BOOL_CONVERSION = YES;
				CLANG_WARN_COMMA = YES;
				CLANG_WARN_CONSTANT_CONVERSION = YES;
				CLANG_WARN_DEPRECATED_OBJC_IMPLEMENTATIONS = YES;
				CLANG_WARN_DIRECT_OBJC_ISA_USAGE = YES_ERROR;
				CLANG_WARN_DOCUMENTATION_COMMENTS = YES;
				CLANG_WARN_EMPTY_BODY = YES;
				CLANG_WARN_ENUM_CONVERSION = YES;
				CLANG_WARN_INFINITE_RECURSION = YES;
				CLANG_WARN_INT_CONVERSION = YES;
				CLANG_WARN_NON_LITERAL_NULL_CONVERSION = YES;
				CLANG_WARN_OBJC_IMPLICIT_RETAIN_SELF = YES;
				CLANG_WARN_OBJC_LITERAL_CONVERSION = YES;
				CLANG_WARN_OBJC_ROOT_CLASS = YES_ERROR;
				CLANG_WARN_QUOTED_INCLUDE_IN_FRAMEWORK_HEADER = YES;
				CLANG_WARN_RANGE_LOOP_ANALYSIS = YES;
				CLANG_WARN_STRICT_PROTOTYPES = YES;
				CLANG_WARN_SUSPICIOUS_MOVE = YES;
				CLANG_WARN_UNGUARDED_AVAILABILITY = YES_AGGRESSIVE;
				CLANG_WARN_UNREACHABLE_CODE = YES;
				CLANG_WARN__DUPLICATE_METHOD_MATCH = YES;
				COPY_PHASE_STRIP = NO;
				DEBUG_INFORMATION_FORMAT = dwarf;
				ENABLE_STRICT_OBJC_MSGSEND = YES;
				ENABLE_TESTABILITY = YES;
				ENABLE_USER_SCRIPT_SANDBOXING = YES;
				GCC_C_LANGUAGE_STANDARD = gnu17;
				GCC_DYNAMIC_NO_PIC = NO;
				GCC_NO_COMMON_BLOCKS = YES;
				GCC_OPTIMIZATION_LEVEL = 0;
				GCC_PREPROCESSOR_DEFINITIONS = (
					"DEBUG=1",
					"$(inherited)",
				);
				GCC_WARN_64_TO_32_BIT_CONVERSION = YES;
				GCC_WARN_ABOUT_RETURN_TYPE = YES_ERROR;
				GCC_WARN_UNDECLARED_SELECTOR = YES;
				GCC_WARN_UNINITIALIZED_AUTOS = YES_AGGRESSIVE;
				GCC_WARN_UNUSED_FUNCTION = YES;
				GCC_WARN_UNUSED_VARIABLE = YES;
				IPHONEOS_DEPLOYMENT_TARGET = 18.5;
				LOCALIZATION_PREFERS_STRING_CATALOGS = YES;
				MTL_ENABLE_DEBUG_INFO = INCLUDE_SOURCE;
				MTL_FAST_MATH = YES;
				ONLY_ACTIVE_ARCH = YES;
				SDKROOT = iphoneos;
				SWIFT_ACTIVE_COMPILATION_CONDITIONS = "DEBUG $(inherited)";
				SWIFT_OPTIMIZATION_LEVEL = "-Onone";
			};
			name = Debug;
		};
		6D9C5B712FA026CF00ECB3D6 /* Release */ = {
			isa = XCBuildConfiguration;
			buildSettings = {
				ALWAYS_SEARCH_USER_PATHS = NO;
				ASSETCATALOG_COMPILER_GENERATE_SWIFT_ASSET_SYMBOL_EXTENSIONS = YES;
				CLANG_ANALYZER_LOCALIZABILITY_NONLOCALIZED = YES;
				CLANG_ANALYZER_NONNULL = YES;
				CLANG_ANALYZER_NUMBER_OBJECT_CONVERSION = YES_AGGRESSIVE;
				CLANG_CXX_LANGUAGE_STANDARD = "gnu++20";
				CLANG_ENABLE_MODULES = YES;
				CLANG_ENABLE_OBJC_ARC = YES;
				CLANG_ENABLE_OBJC_WEAK = YES;
				CLANG_WARN_BLOCK_CAPTURE_AUTORELEASING = YES;
				CLANG_WARN_BOOL_CONVERSION = YES;
				CLANG_WARN_COMMA = YES;
				CLANG_WARN_CONSTANT_CONVERSION = YES;
				CLANG_WARN_DEPRECATED_OBJC_IMPLEMENTATIONS = YES;
				CLANG_WARN_DIRECT_OBJC_ISA_USAGE = YES_ERROR;
				CLANG_WARN_DOCUMENTATION_COMMENTS = YES;
				CLANG_WARN_EMPTY_BODY = YES;
				CLANG_WARN_ENUM_CONVERSION = YES;
				CLANG_WARN_INFINITE_RECURSION = YES;
				CLANG_WARN_INT_CONVERSION = YES;
				CLANG_WARN_NON_LITERAL_NULL_CONVERSION = YES;
				CLANG_WARN_OBJC_IMPLICIT_RETAIN_SELF = YES;
				CLANG_WARN_OBJC_LITERAL_CONVERSION = YES;
				CLANG_WARN_OBJC_ROOT_CLASS = YES_ERROR;
				CLANG_WARN_QUOTED_INCLUDE_IN_FRAMEWORK_HEADER = YES;
				CLANG_WARN_RANGE_LOOP_ANALYSIS = YES;
				CLANG_WARN_STRICT_PROTOTYPES = YES;
				CLANG_WARN_SUSPICIOUS_MOVE = YES;
				CLANG_WARN_UNGUARDED_AVAILABILITY = YES_AGGRESSIVE;
				CLANG_WARN_UNREACHABLE_CODE = YES;
				CLANG_WARN__DUPLICATE_METHOD_MATCH = YES;
				COPY_PHASE_STRIP = NO;
				DEBUG_INFORMATION_FORMAT = "dwarf-with-dsym";
				ENABLE_NS_ASSERTIONS = NO;
				ENABLE_STRICT_OBJC_MSGSEND = YES;
				ENABLE_USER_SCRIPT_SANDBOXING = YES;
				GCC_C_LANGUAGE_STANDARD = gnu17;
				GCC_NO_COMMON_BLOCKS = YES;
				GCC_WARN_64_TO_32_BIT_CONVERSION = YES;
				GCC_WARN_ABOUT_RETURN_TYPE = YES_ERROR;
				GCC_WARN_UNDECLARED_SELECTOR = YES;
				GCC_WARN_UNINITIALIZED_AUTOS = YES_AGGRESSIVE;
				GCC_WARN_UNUSED_FUNCTION = YES;
				GCC_WARN_UNUSED_VARIABLE = YES;
				IPHONEOS_DEPLOYMENT_TARGET = 18.5;
				LOCALIZATION_PREFERS_STRING_CATALOGS = YES;
				MTL_ENABLE_DEBUG_INFO = NO;
				MTL_FAST_MATH = YES;
				SDKROOT = iphoneos;
				SWIFT_COMPILATION_MODE = wholemodule;
				VALIDATE_PRODUCT = YES;
			};
			name = Release;
		};
/* End XCBuildConfiguration section */

/* Begin XCConfigurationList section */
		6D6AF6922FAE380A005DE59B /* Build configuration list for PBXNativeTarget "LeegooTests" */ = {
			isa = XCConfigurationList;
			buildConfigurations = (
				6D6AF6932FAE380A005DE59B /* Debug */,
				6D6AF6942FAE380A005DE59B /* Release */,
			);
			defaultConfigurationIsVisible = 0;
			defaultConfigurationName = Release;
		};
		6D9C5B552FA026CA00ECB3D6 /* Build configuration list for PBXProject "Leegoo" */ = {
			isa = XCConfigurationList;
			buildConfigurations = (
				6D9C5B702FA026CF00ECB3D6 /* Debug */,
				6D9C5B712FA026CF00ECB3D6 /* Release */,
			);
			defaultConfigurationIsVisible = 0;
			defaultConfigurationName = Release;
		};
		6D9C5B6D2FA026CF00ECB3D6 /* Build configuration list for PBXNativeTarget "Leegoo" */ = {
			isa = XCConfigurationList;
			buildConfigurations = (
				6D9C5B6E2FA026CF00ECB3D6 /* Debug */,
				6D9C5B6F2FA026CF00ECB3D6 /* Release */,
			);
			defaultConfigurationIsVisible = 0;
			defaultConfigurationName = Release;
		};
/* End XCConfigurationList section */

/* Begin XCRemoteSwiftPackageReference section */
		6D4984AB2FADC1E70049ED78 /* XCRemoteSwiftPackageReference "SwiftTheme" */ = {
			isa = XCRemoteSwiftPackageReference;
			repositoryURL = "https://github.com/wxxsw/SwiftTheme.git";
			requirement = {
				kind = upToNextMajorVersion;
				minimumVersion = 0.6.4;
			};
		};
		6D7F81832FAC0AE700540877 /* XCRemoteSwiftPackageReference "SDWebImage" */ = {
			isa = XCRemoteSwiftPackageReference;
			repositoryURL = "https://github.com/SDWebImage/SDWebImage.git";
			requirement = {
				kind = upToNextMajorVersion;
				minimumVersion = 5.21.7;
			};
		};
		6D7F81882FAC0B0300540877 /* XCRemoteSwiftPackageReference "lottie-spm" */ = {
			isa = XCRemoteSwiftPackageReference;
			repositoryURL = "https://github.com/airbnb/lottie-spm.git";
			requirement = {
				kind = upToNextMajorVersion;
				minimumVersion = 4.6.0;
			};
		};
		6D7F818B2FAC0B8000540877 /* XCRemoteSwiftPackageReference "alamofire" */ = {
			isa = XCRemoteSwiftPackageReference;
			repositoryURL = "https://github.com/alamofire/alamofire";
			requirement = {
				kind = upToNextMajorVersion;
				minimumVersion = 5.9.1;
			};
		};
		6D7F81902FAC0BB200540877 /* XCRemoteSwiftPackageReference "swiftui-Shimmer" */ = {
			isa = XCRemoteSwiftPackageReference;
			repositoryURL = "https://github.com/markiv/swiftui-Shimmer";
			requirement = {
				kind = upToNextMajorVersion;
				minimumVersion = 1.5.1;
			};
		};
		6DBC6FD52FADCC1000E14DCD /* XCRemoteSwiftPackageReference "SkeletonView" */ = {
			isa = XCRemoteSwiftPackageReference;
			repositoryURL = "https://github.com/Juanpe/SkeletonView";
			requirement = {
				kind = upToNextMajorVersion;
				minimumVersion = 1.31.0;
			};
		};
/* End XCRemoteSwiftPackageReference section */

/* Begin XCSwiftPackageProductDependency section */
		6D4984AC2FADC1E70049ED78 /* SwiftTheme */ = {
			isa = XCSwiftPackageProductDependency;
			package = 6D4984AB2FADC1E70049ED78 /* XCRemoteSwiftPackageReference "SwiftTheme" */;
			productName = SwiftTheme;
		};
		6D7F81842FAC0AE700540877 /* SDWebImage */ = {
			isa = XCSwiftPackageProductDependency;
			package = 6D7F81832FAC0AE700540877 /* XCRemoteSwiftPackageReference "SDWebImage" */;
			productName = SDWebImage;
		};
		6D7F81862FAC0AE700540877 /* SDWebImageMapKit */ = {
			isa = XCSwiftPackageProductDependency;
			package = 6D7F81832FAC0AE700540877 /* XCRemoteSwiftPackageReference "SDWebImage" */;
			productName = SDWebImageMapKit;
		};
		6D7F81892FAC0B0300540877 /* Lottie */ = {
			isa = XCSwiftPackageProductDependency;
			package = 6D7F81882FAC0B0300540877 /* XCRemoteSwiftPackageReference "lottie-spm" */;
			productName = Lottie;
		};
		6D7F818C2FAC0B8000540877 /* Alamofire */ = {
			isa = XCSwiftPackageProductDependency;
			package = 6D7F818B2FAC0B8000540877 /* XCRemoteSwiftPackageReference "alamofire" */;
			productName = Alamofire;
		};
		6D7F81912FAC0BB200540877 /* Shimmer */ = {
			isa = XCSwiftPackageProductDependency;
			package = 6D7F81902FAC0BB200540877 /* XCRemoteSwiftPackageReference "swiftui-Shimmer" */;
			productName = Shimmer;
		};
		6DBC6FD62FADCC1000E14DCD /* SkeletonView */ = {
			isa = XCSwiftPackageProductDependency;
			package = 6DBC6FD52FADCC1000E14DCD /* XCRemoteSwiftPackageReference "SkeletonView" */;
			productName = SkeletonView;
		};
/* End XCSwiftPackageProductDependency section */
	};
	rootObject = 6D9C5B522FA026CA00ECB3D6 /* Project object */;
}
