{
  "originHash" : "cdaf97e6d33d7aebf919ef76850486b1377bead687c2c2d4be51d8b06990ca5e",
  "pins" : [
    {
      "identity" : "alamofire",
      "kind" : "remoteSourceControl",
      "location" : "https://github.com/Alamofire/Alamofire.git",
      "state" : {
        "revision" : "e938f8c66708e7352fc7e3512647fa54255b267a",
        "version" : "5.11.2"
      }
    },
    {
      "identity" : "sdwebimage",
      "kind" : "remoteSourceControl",
      "location" : "https://github.com/SDWebImage/SDWebImage.git",
      "state" : {
        "revision" : "2de3a496eaf6df9a1312862adcfd54acd73c39c0",
        "version" : "5.21.7"
      }
    },
    {
      "identity" : "swiftui-shimmer",
      "kind" : "remoteSourceControl",
      "location" : "https://github.com/markiv/SwiftUI-Shimmer",
      "state" : {
        "revision" : "0226e21f9bf355d40e07e5f5e1c33679d50e167f",
        "version" : "1.5.1"
      }
    }
  ],
  "version" : 3
}
